
Microsoft Visual Studio Solution File, Format Version 11.00
# Visual Studio 2010
Project("{FAE04EC0-301F-11D3-BF4B-00C04F79EFBC}") = "ISR3-Railroad-Struggle", "Assembly-CSharp.csproj", "{BC9EE2AB-3AF6-DA08-5D71-A8D156CD8733}"
EndProject
Global
	GlobalSection(SolutionConfigurationPlatforms) = preSolution
		Debug|Any CPU = Debug|Any CPU
		Release|Any CPU = Release|Any CPU
	EndGlobalSection
	GlobalSection(ProjectConfigurationPlatforms) = postSolution
		{BC9EE2AB-3AF6-DA08-5D71-A8D156CD8733}.Debug|Any CPU.ActiveCfg = Debug|Any CPU
		{BC9EE2AB-3AF6-DA08-5D71-A8D156CD8733}.Debug|Any CPU.Build.0 = Debug|Any CPU
		{BC9EE2AB-3AF6-DA08-5D71-A8D156CD8733}.Release|Any CPU.ActiveCfg = Release|Any CPU
		{BC9EE2AB-3AF6-DA08-5D71-A8D156CD8733}.Release|Any CPU.Build.0 = Release|Any CPU
	EndGlobalSection
	GlobalSection(SolutionProperties) = preSolution
		HideSolutionNode = FALSE
	EndGlobalSection
	GlobalSection(MonoDevelopProperties) = preSolution
		StartupItem = Assembly-CSharp.csproj
	EndGlobalSection
EndGlobal
